{
  "name": "build-redbull-glb",
  "version": "1.0.0",
  "lockfileVersion": 3,
  "requires": true,
  "packages": {
    "": {
      "name": "build-redbull-glb",
      "version": "1.0.0",
      "dependencies": {
        "@napi-rs/canvas": "^0.1.55",
        "three": "0.160.0"
      }
    },
    "node_modules/@napi-rs/canvas": {
      "version": "0.1.55",
      "resolved": "https://registry.npmjs.org/@napi-rs/canvas/-/canvas-0.1.55.tgz",
      "integrity": "sha512-Jw5ewjXboNSrEVXbUrj/l6800Stn1hHeMV4R/HbDkRGSMW3DLMOZAFGbd+d0174OpsjYFqc5SB3Q3wcatWsuMQ==",
      "license": "MIT",
      "engines": {
        "node": ">= 10"
      },
      "optionalDependencies": {
        "@napi-rs/canvas-android-arm64": "0.1.55",
        "@napi-rs/canvas-darwin-arm64": "0.1.55",
        "@napi-rs/canvas-darwin-x64": "0.1.55",
        "@napi-rs/canvas-linux-arm-gnueabihf": "0.1.55",
        "@napi-rs/canvas-linux-arm64-gnu": "0.1.55",
        "@napi-rs/canvas-linux-arm64-musl": "0.1.55",
        "@napi-rs/canvas-linux-x64-gnu": "0.1.55",
        "@napi-rs/canvas-linux-x64-musl": "0.1.55",
        "@napi-rs/canvas-win32-x64-msvc": "0.1.55"
      }
    },
    "node_modules/@napi-rs/canvas-android-arm64": {
      "version": "0.1.55",
      "resolved": "https://registry.npmjs.org/@napi-rs/canvas-android-arm64/-/canvas-android-arm64-0.1.55.tgz",
      "integrity": "sha512-zsc170uSA+mGTXiSpnXaTsBKzi/f2NATKLrCt5qp0ihR0YLSIGsNhNpYLQYSF6qvi2Uzjd9CyKEs+TKdj8oj3w==",
      "cpu": [
        "arm64"
      ],
      "license": "MIT",
      "optional": true,
      "os": [
        "android"
      ],
      "engines": {
        "node": ">= 10"
      }
    },
    "node_modules/@napi-rs/canvas-darwin-arm64": {
      "version": "0.1.55",
      "resolved": "https://registry.npmjs.org/@napi-rs/canvas-darwin-arm64/-/canvas-darwin-arm64-0.1.55.tgz",
      "integrity": "sha512-KMlL+O7viWsZ+c4qDoXUXyVEVXDcGrWuHuvt1VvUBcRjfsz/2of7i2rfClTzltX0nMKxU8JVKVrFSZOpPOZn4g==",
      "cpu": [
        "arm64"
      ],
      "license": "MIT",
      "optional": true,
      "os": [
        "darwin"
      ],
      "engines": {
        "node": ">= 10"
      }
    },
    "node_modules/@napi-rs/canvas-darwin-x64": {
      "version": "0.1.55",
      "resolved": "https://registry.npmjs.org/@napi-rs/canvas-darwin-x64/-/canvas-darwin-x64-0.1.55.tgz",
      "integrity": "sha512-ZiiK+tOGHD7GxAhq7F+gVYpWDQJ9Lr/eOI9gMXlnavmR14nVf3a8eYk3CX32yelurf6hMaMTjWISO9uAZDyRbA==",
      "cpu": [
        "x64"
      ],
      "license": "MIT",
      "optional": true,
      "os": [
        "darwin"
      ],
      "engines": {
        "node": ">= 10"
      }
    },
    "node_modules/@napi-rs/canvas-linux-arm-gnueabihf": {
      "version": "0.1.55",
      "resolved": "https://registry.npmjs.org/@napi-rs/canvas-linux-arm-gnueabihf/-/canvas-linux-arm-gnueabihf-0.1.55.tgz",
      "integrity": "sha512-HxthhRQoayfjG3Z7bAJ7r9Zq/L0gAxj26xjZTcjBYokr14/gtjL+Q+tsvW5PvH3SuL2sqnNXHy/TqvXcI+iyIw==",
      "cpu": [
        "arm"
      ],
      "license": "MIT",
      "optional": true,
      "os": [
        "linux"
      ],
      "engines": {
        "node": ">= 10"
      }
    },
    "node_modules/@napi-rs/canvas-linux-arm64-gnu": {
      "version": "0.1.55",
      "resolved": "https://registry.npmjs.org/@napi-rs/canvas-linux-arm64-gnu/-/canvas-linux-arm64-gnu-0.1.55.tgz",
      "integrity": "sha512-b6PSk6923c6kyHMiluPUJVVHc7CJI7SfYb5MZetyeINtYGNIVj8a80pWgiMs3LJDrUePh+WC00zgDCRkFttKlg==",
      "cpu": [
        "arm64"
      ],
      "libc": [
        "glibc"
      ],
      "license": "MIT",
      "optional": true,
      "os": [
        "linux"
      ],
      "engines": {
        "node": ">= 10"
      }
    },
    "node_modules/@napi-rs/canvas-linux-arm64-musl": {
      "version": "0.1.55",
      "resolved": "https://registry.npmjs.org/@napi-rs/canvas-linux-arm64-musl/-/canvas-linux-arm64-musl-0.1.55.tgz",
      "integrity": "sha512-DHPR7F7Th9x0qkfSBojAgh7mPqInrj+IEJHvrKEsq8p0YTLBY8OUw8Va4OI7Z2zpiDsb2HVXq78Ws7KaekouFw==",
      "cpu": [
        "arm64"
      ],
      "libc": [
        "musl"
      ],
      "license": "MIT",
      "optional": true,
      "os": [
        "linux"
      ],
      "engines": {
        "node": ">= 10"
      }
    },
    "node_modules/@napi-rs/canvas-linux-x64-gnu": {
      "version": "0.1.55",
      "resolved": "https://registry.npmjs.org/@napi-rs/canvas-linux-x64-gnu/-/canvas-linux-x64-gnu-0.1.55.tgz",
      "integrity": "sha512-znEwyWCHtoAIQerxEQ30DRnVJQ1X8a0zQqOuylEPI1AKCH57ZiWQzFam4IUiFNoYhQyzron5v5cEteVbBkYGpg==",
      "cpu": [
        "x64"
      ],
      "libc": [
        "glibc"
      ],
      "license": "MIT",
      "optional": true,
      "os": [
        "linux"
      ],
      "engines": {
        "node": ">= 10"
      }
    },
    "node_modules/@napi-rs/canvas-linux-x64-musl": {
      "version": "0.1.55",
      "resolved": "https://registry.npmjs.org/@napi-rs/canvas-linux-x64-musl/-/canvas-linux-x64-musl-0.1.55.tgz",
      "integrity": "sha512-mNWBiILhykehKlOzmbdTp8Fr25pnkHiC/01Ck9YjNWfV6Z3kBgJPWvG5J+WvkNnsPPu/K0JxTCryngj4h9Denw==",
      "cpu": [
        "x64"
      ],
      "libc": [
        "musl"
      ],
      "license": "MIT",
      "optional": true,
      "os": [
        "linux"
      ],
      "engines": {
        "node": ">= 10"
      }
    },
    "node_modules/@napi-rs/canvas-win32-x64-msvc": {
      "version": "0.1.55",
      "resolved": "https://registry.npmjs.org/@napi-rs/canvas-win32-x64-msvc/-/canvas-win32-x64-msvc-0.1.55.tgz",
      "integrity": "sha512-e6K83IchwQUbG9JSS4QK88qWJpwDbDC+tm1ugjVwSRWBdnicB5TwbUruOGjc1umgfGUq3qnQBs3yO1ZLB6N2uA==",
      "cpu": [
        "x64"
      ],
      "license": "MIT",
      "optional": true,
      "os": [
        "win32"
      ],
      "engines": {
        "node": ">= 10"
      }
    },
    "node_modules/three": {
      "version": "0.160.0",
      "resolved": "https://registry.npmjs.org/three/-/three-0.160.0.tgz",
      "integrity": "sha512-DLU8lc0zNIPkM7rH5/e1Ks1Z8tWCGRq6g8mPowdDJpw1CFBJMU7UoJjC6PefXW7z//SSl0b2+GCw14LB+uDhng==",
      "license": "MIT"
    }
  }
}
